
Microsoft Visual Studio Solution File, Format Version 12.00
# Visual Studio Version 16
VisualStudioVersion = 16.0.31112.23
MinimumVisualStudioVersion = 10.0.40219.1
Project("{8BC9CEB8-8B4A-11D0-8D11-00A0C91BC942}") = "TugasModul6_Kelompok22", "TugasModul6_Kelompok22\TugasModul6_Kelompok22.vcxproj", "{41CD0E4B-CFFA-43CC-BDE4-99325F3ECD0F}"
EndProject
Global
	GlobalSection(SolutionConfigurationPlatforms) = preSolution
		Debug|x64 = Debug|x64
		Debug|x86 = Debug|x86
		Release|x64 = Release|x64
		Release|x86 = Release|x86
	EndGlobalSection
	GlobalSection(ProjectConfigurationPlatforms) = postSolution
		{41CD0E4B-CFFA-43CC-BDE4-99325F3ECD0F}.Debug|x64.ActiveCfg = Debug|x64
		{41CD0E4B-CFFA-43CC-BDE4-99325F3ECD0F}.Debug|x64.Build.0 = Debug|x64
		{41CD0E4B-CFFA-43CC-BDE4-99325F3ECD0F}.Debug|x86.ActiveCfg = Debug|Win32
		{41CD0E4B-CFFA-43CC-BDE4-99325F3ECD0F}.Debug|x86.Build.0 = Debug|Win32
		{41CD0E4B-CFFA-43CC-BDE4-99325F3ECD0F}.Release|x64.ActiveCfg = Release|x64
		{41CD0E4B-CFFA-43CC-BDE4-99325F3ECD0F}.Release|x64.Build.0 = Release|x64
		{41CD0E4B-CFFA-43CC-BDE4-99325F3ECD0F}.Release|x86.ActiveCfg = Release|Win32
		{41CD0E4B-CFFA-43CC-BDE4-99325F3ECD0F}.Release|x86.Build.0 = Release|Win32
	EndGlobalSection
	GlobalSection(SolutionProperties) = preSolution
		HideSolutionNode = FALSE
	EndGlobalSection
	GlobalSection(ExtensibilityGlobals) = postSolution
		SolutionGuid = {2ED96DF4-5B6F-4C53-B753-231E5506E040}
	EndGlobalSection
EndGlobal
